
Microsoft Visual Studio Solution File, Format Version 12.00
# Visual Studio Version 16
VisualStudioVersion = 16.0.30204.135
MinimumVisualStudioVersion = 10.0.40219.1
Project("{FAE04EC0-301F-11D3-BF4B-00C04F79EFBC}") = "CS - Class-Void-Overload - Step 169", "CS - Class-Void-Overload - Step 169\CS - Class-Void-Overload - Step 169.csproj", "{A7FE8384-1F35-4AEE-8ABA-C277CD3F0EFF}"
EndProject
Global
	GlobalSection(SolutionConfigurationPlatforms) = preSolution
		Debug|Any CPU = Debug|Any CPU
		Release|Any CPU = Release|Any CPU
	EndGlobalSection
	GlobalSection(ProjectConfigurationPlatforms) = postSolution
		{A7FE8384-1F35-4AEE-8ABA-C277CD3F0EFF}.Debug|Any CPU.ActiveCfg = Debug|Any CPU
		{A7FE8384-1F35-4AEE-8ABA-C277CD3F0EFF}.Debug|Any CPU.Build.0 = Debug|Any CPU
		{A7FE8384-1F35-4AEE-8ABA-C277CD3F0EFF}.Release|Any CPU.ActiveCfg = Release|Any CPU
		{A7FE8384-1F35-4AEE-8ABA-C277CD3F0EFF}.Release|Any CPU.Build.0 = Release|Any CPU
	EndGlobalSection
	GlobalSection(SolutionProperties) = preSolution
		HideSolutionNode = FALSE
	EndGlobalSection
	GlobalSection(ExtensibilityGlobals) = postSolution
		SolutionGuid = {BEFD7C41-00DC-44E9-B65B-B4C2CB08561C}
	EndGlobalSection
EndGlobal
