
Microsoft Visual Studio Solution File, Format Version 12.00
# Visual Studio Version 16
VisualStudioVersion = 16.0.30204.135
MinimumVisualStudioVersion = 10.0.40219.1
Project("{FAE04EC0-301F-11D3-BF4B-00C04F79EFBC}") = "CS - Log - Step 218", "CS - Log - Step 218\CS - Log - Step 218.csproj", "{E5DA2E97-9FD4-4C32-82AA-17A72C7E462A}"
EndProject
Global
	GlobalSection(SolutionConfigurationPlatforms) = preSolution
		Debug|Any CPU = Debug|Any CPU
		Release|Any CPU = Release|Any CPU
	EndGlobalSection
	GlobalSection(ProjectConfigurationPlatforms) = postSolution
		{E5DA2E97-9FD4-4C32-82AA-17A72C7E462A}.Debug|Any CPU.ActiveCfg = Debug|Any CPU
		{E5DA2E97-9FD4-4C32-82AA-17A72C7E462A}.Debug|Any CPU.Build.0 = Debug|Any CPU
		{E5DA2E97-9FD4-4C32-82AA-17A72C7E462A}.Release|Any CPU.ActiveCfg = Release|Any CPU
		{E5DA2E97-9FD4-4C32-82AA-17A72C7E462A}.Release|Any CPU.Build.0 = Release|Any CPU
	EndGlobalSection
	GlobalSection(SolutionProperties) = preSolution
		HideSolutionNode = FALSE
	EndGlobalSection
	GlobalSection(ExtensibilityGlobals) = postSolution
		SolutionGuid = {7D5614FE-05D4-4A3D-A02C-AB542532A563}
	EndGlobalSection
EndGlobal
