
Microsoft Visual Studio Solution File, Format Version 12.00
# Visual Studio Version 16
VisualStudioVersion = 16.0.30204.135
MinimumVisualStudioVersion = 10.0.40219.1
Project("{FAE04EC0-301F-11D3-BF4B-00C04F79EFBC}") = "CS - Shipping Quote - Step 117", "CS - Shipping Quote - Step 117\CS - Shipping Quote - Step 117.csproj", "{DB8F43EA-02F3-47EA-802D-846CF840C292}"
EndProject
Global
	GlobalSection(SolutionConfigurationPlatforms) = preSolution
		Debug|Any CPU = Debug|Any CPU
		Release|Any CPU = Release|Any CPU
	EndGlobalSection
	GlobalSection(ProjectConfigurationPlatforms) = postSolution
		{DB8F43EA-02F3-47EA-802D-846CF840C292}.Debug|Any CPU.ActiveCfg = Debug|Any CPU
		{DB8F43EA-02F3-47EA-802D-846CF840C292}.Debug|Any CPU.Build.0 = Debug|Any CPU
		{DB8F43EA-02F3-47EA-802D-846CF840C292}.Release|Any CPU.ActiveCfg = Release|Any CPU
		{DB8F43EA-02F3-47EA-802D-846CF840C292}.Release|Any CPU.Build.0 = Release|Any CPU
	EndGlobalSection
	GlobalSection(SolutionProperties) = preSolution
		HideSolutionNode = FALSE
	EndGlobalSection
	GlobalSection(ExtensibilityGlobals) = postSolution
		SolutionGuid = {0BE17494-DB1C-4D67-8FFB-71EF7A063A9C}
	EndGlobalSection
EndGlobal
