
Microsoft Visual Studio Solution File, Format Version 12.00
# Visual Studio Version 16
VisualStudioVersion = 16.0.30204.135
MinimumVisualStudioVersion = 10.0.40219.1
Project("{FAE04EC0-301F-11D3-BF4B-00C04F79EFBC}") = "TTA C-Sharp - Math Step 84", "TTA C-Sharp - Math Step 84\TTA C-Sharp - Math Step 84.csproj", "{A7D08A86-C158-4F9F-9008-5E2BB30DB65D}"
EndProject
Global
	GlobalSection(SolutionConfigurationPlatforms) = preSolution
		Debug|Any CPU = Debug|Any CPU
		Release|Any CPU = Release|Any CPU
	EndGlobalSection
	GlobalSection(ProjectConfigurationPlatforms) = postSolution
		{A7D08A86-C158-4F9F-9008-5E2BB30DB65D}.Debug|Any CPU.ActiveCfg = Debug|Any CPU
		{A7D08A86-C158-4F9F-9008-5E2BB30DB65D}.Debug|Any CPU.Build.0 = Debug|Any CPU
		{A7D08A86-C158-4F9F-9008-5E2BB30DB65D}.Release|Any CPU.ActiveCfg = Release|Any CPU
		{A7D08A86-C158-4F9F-9008-5E2BB30DB65D}.Release|Any CPU.Build.0 = Release|Any CPU
	EndGlobalSection
	GlobalSection(SolutionProperties) = preSolution
		HideSolutionNode = FALSE
	EndGlobalSection
	GlobalSection(ExtensibilityGlobals) = postSolution
		SolutionGuid = {DB35F202-6BD7-4DD7-9508-3DAE9CFB4CBA}
	EndGlobalSection
EndGlobal
