
Microsoft Visual Studio Solution File, Format Version 12.00
# Visual Studio Version 16
VisualStudioVersion = 16.0.30204.135
MinimumVisualStudioVersion = 10.0.40219.1
Project("{FAE04EC0-301F-11D3-BF4B-00C04F79EFBC}") = "TTA Assigment - Car Insurance - C-Sharp Step 100", "TTA Assigment - Car Insurance - C-Sharp Step 100\TTA Assigment - Car Insurance - C-Sharp Step 100.csproj", "{39BADB95-42C0-4954-9CEA-A39BC1D108F9}"
EndProject
Global
	GlobalSection(SolutionConfigurationPlatforms) = preSolution
		Debug|Any CPU = Debug|Any CPU
		Release|Any CPU = Release|Any CPU
	EndGlobalSection
	GlobalSection(ProjectConfigurationPlatforms) = postSolution
		{39BADB95-42C0-4954-9CEA-A39BC1D108F9}.Debug|Any CPU.ActiveCfg = Debug|Any CPU
		{39BADB95-42C0-4954-9CEA-A39BC1D108F9}.Debug|Any CPU.Build.0 = Debug|Any CPU
		{39BADB95-42C0-4954-9CEA-A39BC1D108F9}.Release|Any CPU.ActiveCfg = Release|Any CPU
		{39BADB95-42C0-4954-9CEA-A39BC1D108F9}.Release|Any CPU.Build.0 = Release|Any CPU
	EndGlobalSection
	GlobalSection(SolutionProperties) = preSolution
		HideSolutionNode = FALSE
	EndGlobalSection
	GlobalSection(ExtensibilityGlobals) = postSolution
		SolutionGuid = {28E26995-9A13-44FA-A11C-B403B533D524}
	EndGlobalSection
EndGlobal
