
Microsoft Visual Studio Solution File, Format Version 12.00
# Visual Studio Version 16
VisualStudioVersion = 16.0.30204.135
MinimumVisualStudioVersion = 10.0.40219.1
Project("{FAE04EC0-301F-11D3-BF4B-00C04F79EFBC}") = "CS - Struct - Step 200", "CS - Struct - Step 200\CS - Struct - Step 200.csproj", "{B674C4A3-18F2-4EAC-8783-329F35CE07FD}"
EndProject
Global
	GlobalSection(SolutionConfigurationPlatforms) = preSolution
		Debug|Any CPU = Debug|Any CPU
		Release|Any CPU = Release|Any CPU
	EndGlobalSection
	GlobalSection(ProjectConfigurationPlatforms) = postSolution
		{B674C4A3-18F2-4EAC-8783-329F35CE07FD}.Debug|Any CPU.ActiveCfg = Debug|Any CPU
		{B674C4A3-18F2-4EAC-8783-329F35CE07FD}.Debug|Any CPU.Build.0 = Debug|Any CPU
		{B674C4A3-18F2-4EAC-8783-329F35CE07FD}.Release|Any CPU.ActiveCfg = Release|Any CPU
		{B674C4A3-18F2-4EAC-8783-329F35CE07FD}.Release|Any CPU.Build.0 = Release|Any CPU
	EndGlobalSection
	GlobalSection(SolutionProperties) = preSolution
		HideSolutionNode = FALSE
	EndGlobalSection
	GlobalSection(ExtensibilityGlobals) = postSolution
		SolutionGuid = {C7A608BD-0A63-4F1B-9E9A-9C7FCC7780FF}
	EndGlobalSection
EndGlobal
