
Microsoft Visual Studio Solution File, Format Version 12.00
# Visual Studio Version 16
VisualStudioVersion = 16.0.30204.135
MinimumVisualStudioVersion = 10.0.40219.1
Project("{9A19103F-16F7-4668-BE54-9A1E7A4F7556}") = "VS Course - Step 77 - Music Video", "VS Course - Step 77 - Music Video\VS Course - Step 77 - Music Video.csproj", "{ED61F633-BEAA-4114-8AD0-837BFB5BDA37}"
EndProject
Global
	GlobalSection(SolutionConfigurationPlatforms) = preSolution
		Debug|Any CPU = Debug|Any CPU
		Release|Any CPU = Release|Any CPU
	EndGlobalSection
	GlobalSection(ProjectConfigurationPlatforms) = postSolution
		{ED61F633-BEAA-4114-8AD0-837BFB5BDA37}.Debug|Any CPU.ActiveCfg = Debug|Any CPU
		{ED61F633-BEAA-4114-8AD0-837BFB5BDA37}.Debug|Any CPU.Build.0 = Debug|Any CPU
		{ED61F633-BEAA-4114-8AD0-837BFB5BDA37}.Release|Any CPU.ActiveCfg = Release|Any CPU
		{ED61F633-BEAA-4114-8AD0-837BFB5BDA37}.Release|Any CPU.Build.0 = Release|Any CPU
	EndGlobalSection
	GlobalSection(SolutionProperties) = preSolution
		HideSolutionNode = FALSE
	EndGlobalSection
	GlobalSection(ExtensibilityGlobals) = postSolution
		SolutionGuid = {DF46BDB5-2BD4-460C-9A2D-60ADBCEADA82}
	EndGlobalSection
EndGlobal
