
Microsoft Visual Studio Solution File, Format Version 12.00
# Visual Studio Version 16
VisualStudioVersion = 16.0.30204.135
MinimumVisualStudioVersion = 10.0.40219.1
Project("{FAE04EC0-301F-11D3-BF4B-00C04F79EFBC}") = "TTA Console Assignment - C-Sharp Step 88", "TTA Console Assignment - C-Sharp Step 88\TTA Console Assignment - C-Sharp Step 88.csproj", "{D6F69A11-2982-4058-8932-A3A93664F73F}"
EndProject
Global
	GlobalSection(SolutionConfigurationPlatforms) = preSolution
		Debug|Any CPU = Debug|Any CPU
		Release|Any CPU = Release|Any CPU
	EndGlobalSection
	GlobalSection(ProjectConfigurationPlatforms) = postSolution
		{D6F69A11-2982-4058-8932-A3A93664F73F}.Debug|Any CPU.ActiveCfg = Debug|Any CPU
		{D6F69A11-2982-4058-8932-A3A93664F73F}.Debug|Any CPU.Build.0 = Debug|Any CPU
		{D6F69A11-2982-4058-8932-A3A93664F73F}.Release|Any CPU.ActiveCfg = Release|Any CPU
		{D6F69A11-2982-4058-8932-A3A93664F73F}.Release|Any CPU.Build.0 = Release|Any CPU
	EndGlobalSection
	GlobalSection(SolutionProperties) = preSolution
		HideSolutionNode = FALSE
	EndGlobalSection
	GlobalSection(ExtensibilityGlobals) = postSolution
		SolutionGuid = {F6158E47-441C-421F-94F9-57680BBBF5EF}
	EndGlobalSection
EndGlobal
