
Microsoft Visual Studio Solution File, Format Version 12.00
# Visual Studio Version 16
VisualStudioVersion = 16.0.30204.135
MinimumVisualStudioVersion = 10.0.40219.1
Project("{FAE04EC0-301F-11D3-BF4B-00C04F79EFBC}") = "TTA Assignment - Step 71", "TTA Assignment - Step 71\TTA Assignment - Step 71.csproj", "{C0D18B6B-BD25-4AB3-A898-6DFB64AD9544}"
EndProject
Global
	GlobalSection(SolutionConfigurationPlatforms) = preSolution
		Debug|Any CPU = Debug|Any CPU
		Release|Any CPU = Release|Any CPU
	EndGlobalSection
	GlobalSection(ProjectConfigurationPlatforms) = postSolution
		{C0D18B6B-BD25-4AB3-A898-6DFB64AD9544}.Debug|Any CPU.ActiveCfg = Debug|Any CPU
		{C0D18B6B-BD25-4AB3-A898-6DFB64AD9544}.Debug|Any CPU.Build.0 = Debug|Any CPU
		{C0D18B6B-BD25-4AB3-A898-6DFB64AD9544}.Release|Any CPU.ActiveCfg = Release|Any CPU
		{C0D18B6B-BD25-4AB3-A898-6DFB64AD9544}.Release|Any CPU.Build.0 = Release|Any CPU
	EndGlobalSection
	GlobalSection(SolutionProperties) = preSolution
		HideSolutionNode = FALSE
	EndGlobalSection
	GlobalSection(ExtensibilityGlobals) = postSolution
		SolutionGuid = {AD4292AD-1D7D-45FC-AD1A-95BE15DFE15E}
	EndGlobalSection
EndGlobal
